// !$*UTF8*$!
{
	archiveVersion = 1;
	classes = {
	};
	objectVersion = 46;
	objects = {

/* Begin PBXBuildFile section */
		333429501B2FFE440006D91B /* main.m in Sources */ = {isa = PBXBuildFile; fileRef = 3334294F1B2FFE440006D91B /* main.m */; };
		333429531B2FFE440006D91B /* AppDelegate.m in Sources */ = {isa = PBXBuildFile; fileRef = 333429521B2FFE440006D91B /* AppDelegate.m */; };
		333429561B2FFE440006D91B /* ViewController.m in Sources */ = {isa = PBXBuildFile; fileRef = 333429551B2FFE440006D91B /* ViewController.m */; };
		333429591B2FFE440006D91B /* Main.storyboard in Resources */ = {isa = PBXBuildFile; fileRef = 333429571B2FFE440006D91B /* Main.storyboard */; };
		3334295B1B2FFE440006D91B /* Images.xcassets in Resources */ = {isa = PBXBuildFile; fileRef = 3334295A1B2FFE440006D91B /* Images.xcassets */; };
		3334295E1B2FFE440006D91B /* LaunchScreen.xib in Resources */ = {isa = PBXBuildFile; fileRef = 3334295C1B2FFE440006D91B /* LaunchScreen.xib */; };
		3334296A1B2FFE440006D91B /* WeChatTests.m in Sources */ = {isa = PBXBuildFile; fileRef = 333429691B2FFE440006D91B /* WeChatTests.m */; };
/* End PBXBuildFile section */

/* Begin PBXContainerItemProxy section */
		333429641B2FFE440006D91B /* PBXContainerItemProxy */ = {
			isa = PBXContainerItemProxy;
			containerPortal = 333429421B2FFE440006D91B /* Project object */;
			proxyType = 1;
			remoteGlobalIDString = 333429491B2FFE440006D91B;
			remoteInfo = WeChat;
		};
/* End PBXContainerItemProxy section */

/* Begin PBXFileReference section */
		3334294A1B2FFE440006D91B /* WeChat.app */ = {isa = PBXFileReference; explicitFileType = wrapper.application; includeInIndex = 0; path = WeChat.app; sourceTree = BUILT_PRODUCTS_DIR; };
		3334294E1B2FFE440006D91B /* Info.plist */ = {isa = PBXFileReference; lastKnownFileType = text.plist.xml; path = Info.plist; sourceTree = "<group>"; };
		3334294F1B2FFE440006D91B /* main.m */ = {isa = PBXFileReference; lastKnownFileType = sourcecode.c.objc; path = main.m; sourceTree = "<group>"; };
		333429511B2FFE440006D91B /* AppDelegate.h */ = {isa = PBXFileReference; lastKnownFileType = sourcecode.c.h; path = AppDelegate.h; sourceTree = "<group>"; };
		333429521B2FFE440006D91B /* AppDelegate.m */ = {isa = PBXFileReference; lastKnownFileType = sourcecode.c.objc; path = AppDelegate.m; sourceTree = "<group>"; };
		333429541B2FFE440006D91B /* ViewController.h */ = {isa = PBXFileReference; lastKnownFileType = sourcecode.c.h; path = ViewController.h; sourceTree = "<group>"; };
		333429551B2FFE440006D91B /* ViewController.m */ = {isa = PBXFileReference; lastKnownFileType = sourcecode.c.objc; path = ViewController.m; sourceTree = "<group>"; };
		333429581B2FFE440006D91B /* Base */ = {isa = PBXFileReference; lastKnownFileType = file.storyboard; name = Base; path = Base.lproj/Main.storyboard; sourceTree = "<group>"; };
		3334295A1B2FFE440006D91B /* Images.xcassets */ = {isa = PBXFileReference; lastKnownFileType = folder.assetcatalog; path = Images.xcassets; sourceTree = "<group>"; };
		3334295D1B2FFE440006D91B /* Base */ = {isa = PBXFileReference; lastKnownFileType = file.xib; name = Base; path = Base.lproj/LaunchScreen.xib; sourceTree = "<group>"; };
		333429631B2FFE440006D91B /* WeChatTests.xctest */ = {isa = PBXFileReference; explicitFileType = wrapper.cfbundle; includeInIndex = 0; path = WeChatTests.xctest; sourceTree = BUILT_PRODUCTS_DIR; };
		333429681B2FFE440006D91B /* Info.plist */ = {isa = PBXFileReference; lastKnownFileType = text.plist.xml; path = Info.plist; sourceTree = "<group>"; };
		333429691B2FFE440006D91B /* WeChatTests.m */ = {isa = PBXFileReference; lastKnownFileType = sourcecode.c.objc; path = WeChatTests.m; sourceTree = "<group>"; };
/* End PBXFileReference section */

/* Begin PBXFrameworksBuildPhase section */
		333429471B2FFE440006D91B /* Frameworks */ = {
			isa = PBXFrameworksBuildPhase;
			buildActionMask = 2147483647;
			files = (
			);
			runOnlyForDeploymentPostprocessing = 0;
		};
		333429601B2FFE440006D91B /* Frameworks */ = {
			isa = PBXFrameworksBuildPhase;
			buildActionMask = 2147483647;
			files = (
			);
			runOnlyForDeploymentPostprocessing = 0;
		};
/* End PBXFrameworksBuildPhase section */

/* Begin PBXGroup section */
		333429411B2FFE440006D91B = {
			isa = PBXGroup;
			children = (
				3334294C1B2FFE440006D91B /* WeChat */,
				333429661B2FFE440006D91B /* WeChatTests */,
				3334294B1B2FFE440006D91B /* Products */,
			);
			sourceTree = "<group>";
		};
		3334294B1B2FFE440006D91B /* Products */ = {
			isa = PBXGroup;
			children = (
				3334294A1B2FFE440006D91B /* WeChat.app */,
				333429631B2FFE440006D91B /* WeChatTests.xctest */,
			);
			name = Products;
			sourceTree = "<group>";
		};
		3334294C1B2FFE440006D91B /* WeChat */ = {
			isa = PBXGroup;
			children = (
				333429511B2FFE440006D91B /* AppDelegate.h */,
				333429521B2FFE440006D91B /* AppDelegate.m */,
				333429541B2FFE440006D91B /* ViewController.h */,
				333429551B2FFE440006D91B /* ViewController.m */,
				333429571B2FFE440006D91B /* Main.storyboard */,
				3334295A1B2FFE440006D91B /* Images.xcassets */,
				3334295C1B2FFE440006D91B /* LaunchScreen.xib */,
				3334294D1B2FFE440006D91B /* Supporting Files */,
			);
			path = WeChat;
			sourceTree = "<group>";
		};
		3334294D1B2FFE440006D91B /* Supporting Files */ = {
			isa = PBXGroup;
			children = (
				3334294E1B2FFE440006D91B /* Info.plist */,
				3334294F1B2FFE440006D91B /* main.m */,
			);
			name = "Supporting Files";
			sourceTree = "<group>";
		};
		333429661B2FFE440006D91B /* WeChatTests */ = {
			isa = PBXGroup;
			children = (
				333429691B2FFE440006D91B /* WeChatTests.m */,
				333429671B2FFE440006D91B /* Supporting Files */,
			);
			path = WeChatTests;
			sourceTree = "<group>";
		};
		333429671B2FFE440006D91B /* Supporting Files */ = {
			isa = PBXGroup;
			children = (
				333429681B2FFE440006D91B /* Info.plist */,
			);
			name = "Supporting Files";
			sourceTree = "<group>";
		};
/* End PBXGroup section */

/* Begin PBXNativeTarget section */
		333429491B2FFE440006D91B /* WeChat */ = {
			isa = PBXNativeTarget;
			buildConfigurationList = 3334296D1B2FFE440006D91B /* Build configuration list for PBXNativeTarget "WeChat" */;
			buildPhases = (
				333429461B2FFE440006D91B /* Sources */,
				333429471B2FFE440006D91B /* Frameworks */,
				333429481B2FFE440006D91B /* Resources */,
			);
			buildRules = (
			);
			dependencies = (
			);
			name = WeChat;
			productName = WeChat;
			productReference = 3334294A1B2FFE440006D91B /* WeChat.app */;
			productType = "com.apple.product-type.application";
		};
		333429621B2FFE440006D91B /* WeChatTests */ = {
			isa = PBXNativeTarget;
			buildConfigurationList = 333429701B2FFE440006D91B /* Build configuration list for PBXNativeTarget "WeChatTests" */;
			buildPhases = (
				3334295F1B2FFE440006D91B /* Sources */,
				333429601B2FFE440006D91B /* Frameworks */,
				333429611B2FFE440006D91B /* Resources */,
			);
			buildRules = (
			);
			dependencies = (
				333429651B2FFE440006D91B /* PBXTargetDependency */,
			);
			name = WeChatTests;
			productName = WeChatTests;
			productReference = 333429631B2FFE440006D91B /* WeChatTests.xctest */;
			productType = "com.apple.product-type.bundle.unit-test";
		};
/* End PBXNativeTarget section */

/* Begin PBXProject section */
		333429421B2FFE440006D91B /* Project object */ = {
			isa = PBXProject;
			attributes = {
				LastUpgradeCheck = 0630;
				ORGANIZATIONNAME = com.ios18.winainfo;
				TargetAttributes = {
					333429491B2FFE440006D91B = {
						CreatedOnToolsVersion = 6.3.2;
					};
					333429621B2FFE440006D91B = {
						CreatedOnToolsVersion = 6.3.2;
						TestTargetID = 333429491B2FFE440006D91B;
					};
				};
			};
			buildConfigurationList = 333429451B2FFE440006D91B /* Build configuration list for PBXProject "WeChat" */;
			compatibilityVersion = "Xcode 3.2";
			developmentRegion = English;
			hasScannedForEncodings = 0;
			knownRegions = (
				en,
				Base,
			);
			mainGroup = 333429411B2FFE440006D91B;
			productRefGroup = 3334294B1B2FFE440006D91B /* Products */;
			projectDirPath = "";
			projectRoot = "";
			targets = (
				333429491B2FFE440006D91B /* WeChat */,
				333429621B2FFE440006D91B /* WeChatTests */,
			);
		};
/* End PBXProject section */

/* Begin PBXResourcesBuildPhase section */
		333429481B2FFE440006D91B /* Resources */ = {
			isa = PBXResourcesBuildPhase;
			buildActionMask = 2147483647;
			files = (
				333429591B2FFE440006D91B /* Main.storyboard in Resources */,
				3334295E1B2FFE440006D91B /* LaunchScreen.xib in Resources */,
				3334295B1B2FFE440006D91B /* Images.xcassets in Resources */,
			);
			runOnlyForDeploymentPostprocessing = 0;
		};
		333429611B2FFE440006D91B /* Resources */ = {
			isa = PBXResourcesBuildPhase;
			buildActionMask = 2147483647;
			files = (
			);
			runOnlyForDeploymentPostprocessing = 0;
		};
/* End PBXResourcesBuildPhase section */

/* Begin PBXSourcesBuildPhase section */
		333429461B2FFE440006D91B /* Sources */ = {
			isa = PBXSourcesBuildPhase;
			buildActionMask = 2147483647;
			files = (
				333429561B2FFE440006D91B /* ViewController.m in Sources */,
				333429531B2FFE440006D91B /* AppDelegate.m in Sources */,
				333429501B2FFE440006D91B /* main.m in Sources */,
			);
			runOnlyForDeploymentPostprocessing = 0;
		};
		3334295F1B2FFE440006D91B /* Sources */ = {
			isa = PBXSourcesBuildPhase;
			buildActionMask = 2147483647;
			files = (
				3334296A1B2FFE440006D91B /* WeChatTests.m in Sources */,
			);
			runOnlyForDeploymentPostprocessing = 0;
		};
/* End PBXSourcesBuildPhase section */

/* Begin PBXTargetDependency section */
		333429651B2FFE440006D91B /* PBXTargetDependency */ = {
			isa = PBXTargetDependency;
			target = 333429491B2FFE440006D91B /* WeChat */;
			targetProxy = 333429641B2FFE440006D91B /* PBXContainerItemProxy */;
		};
/* End PBXTargetDependency section */

/* Begin PBXVariantGroup section */
		333429571B2FFE440006D91B /* Main.storyboard */ = {
			isa = PBXVariantGroup;
			children = (
				333429581B2FFE440006D91B /* Base */,
			);
			name = Main.storyboard;
			sourceTree = "<group>";
		};
		3334295C1B2FFE440006D91B /* LaunchScreen.xib */ = {
			isa = PBXVariantGroup;
			children = (
				3334295D1B2FFE440006D91B /* Base */,
			);
			name = LaunchScreen.xib;
			sourceTree = "<group>";
		};
/* End PBXVariantGroup section */

/* Begin XCBuildConfiguration section */
		3334296B1B2FFE440006D91B /* Debug */ = {
			isa = XCBuildConfiguration;
			buildSettings = {
				ALWAYS_SEARCH_USER_PATHS = NO;
				CLANG_CXX_LANGUAGE_STANDARD = "gnu++0x";
				CLANG_CXX_LIBRARY = "libc++";
				CLANG_ENABLE_MODULES = YES;
				CLANG_ENABLE_OBJC_ARC = YES;
				CLANG_WARN_BOOL_CONVERSION = YES;
				CLANG_WARN_CONSTANT_CONVERSION = YES;
				CLANG_WARN_DIRECT_OBJC_ISA_USAGE = YES_ERROR;
				CLANG_WARN_EMPTY_BODY = YES;
				CLANG_WARN_ENUM_CONVERSION = YES;
				CLANG_WARN_INT_CONVERSION = YES;
				CLANG_WARN_OBJC_ROOT_CLASS = YES_ERROR;
				CLANG_WARN_UNREACHABLE_CODE = YES;
				CLANG_WARN__DUPLICATE_METHOD_MATCH = YES;
				"CODE_SIGN_IDENTITY[sdk=iphoneos*]" = "iPhone Developer";
				COPY_PHASE_STRIP = NO;
				DEBUG_INFORMATION_FORMAT = "dwarf-with-dsym";
				ENABLE_STRICT_OBJC_MSGSEND = YES;
				GCC_C_LANGUAGE_STANDARD = gnu99;
				GCC_DYNAMIC_NO_PIC = NO;
				GCC_NO_COMMON_BLOCKS = YES;
				GCC_OPTIMIZATION_LEVEL = 0;
				GCC_PREPROCESSOR_DEFINITIONS = (
					"DEBUG=1",
					"$(inherited)",
				);
				GCC_SYMBOLS_PRIVATE_EXTERN = NO;
				GCC_WARN_64_TO_32_BIT_CONVERSION = YES;
				GCC_WARN_ABOUT_RETURN_TYPE = YES_ERROR;
				GCC_WARN_UNDECLARED_SELECTOR = YES;
				GCC_WARN_UNINITIALIZED_AUTOS = YES_AGGRESSIVE;
				GCC_WARN_UNUSED_FUNCTION = YES;
				GCC_WARN_UNUSED_VARIABLE = YES;
				IPHONEOS_DEPLOYMENT_TARGET = 8.3;
				MTL_ENABLE_DEBUG_INFO = YES;
				ONLY_ACTIVE_ARCH = YES;
				SDKROOT = iphoneos;
				TARGETED_DEVICE_FAMILY = "1,2";
			};
			name = Debug;
		};
		3334296C1B2FFE440006D91B /* Release */ = {
			isa = XCBuildConfiguration;
			buildSettings = {
				ALWAYS_SEARCH_USER_PATHS = NO;
				CLANG_CXX_LANGUAGE_STANDARD = "gnu++0x";
				CLANG_CXX_LIBRARY = "libc++";
				CLANG_ENABLE_MODULES = YES;
				CLANG_ENABLE_OBJC_ARC = YES;
				CLANG_WARN_BOOL_CONVERSION = YES;
				CLANG_WARN_CONSTANT_CONVERSION = YES;
				CLANG_WARN_DIRECT_OBJC_ISA_USAGE = YES_ERROR;
				CLANG_WARN_EMPTY_BODY = YES;
				CLANG_WARN_ENUM_CONVERSION = YES;
				CLANG_WARN_INT_CONVERSION = YES;
				CLANG_WARN_OBJC_ROOT_CLASS = YES_ERROR;
				CLANG_WARN_UNREACHABLE_CODE = YES;
				CLANG_WARN__DUPLICATE_METHOD_MATCH = YES;
				"CODE_SIGN_IDENTITY[sdk=iphoneos*]" = "iPhone Developer";
				COPY_PHASE_STRIP = NO;
				DEBUG_INFORMATION_FORMAT = "dwarf-with-dsym";
				ENABLE_NS_ASSERTIONS = NO;
				ENABLE_STRICT_OBJC_MSGSEND = YES;
				GCC_C_LANGUAGE_STANDARD = gnu99;
				GCC_NO_COMMON_BLOCKS = YES;
				GCC_WARN_64_TO_32_BIT_CONVERSION = YES;
				GCC_WARN_ABOUT_RETURN_TYPE = YES_ERROR;
				GCC_WARN_UNDECLARED_SELECTOR = YES;
				GCC_WARN_UNINITIALIZED_AUTOS = YES_AGGRESSIVE;
				GCC_WARN_UNUSED_FUNCTION = YES;
				GCC_WARN_UNUSED_VARIABLE = YES;
				IPHONEOS_DEPLOYMENT_TARGET = 8.3;
				MTL_ENABLE_DEBUG_INFO = NO;
				SDKROOT = iphoneos;
				TARGETED_DEVICE_FAMILY = "1,2";
				VALIDATE_PRODUCT = YES;
			};
			name = Release;
		};
		3334296E1B2FFE440006D91B /* Debug */ = {
			isa = XCBuildConfiguration;
			buildSettings = {
				ASSETCATALOG_COMPILER_APPICON_NAME = AppIcon;
				INFOPLIST_FILE = WeChat/Info.plist;
				LD_RUNPATH_SEARCH_PATHS = "$(inherited) @executable_path/Frameworks";
				PRODUCT_NAME = "$(TARGET_NAME)";
			};
			name = Debug;
		};
		3334296F1B2FFE440006D91B /* Release */ = {
			isa = XCBuildConfiguration;
			buildSettings = {
				ASSETCATALOG_COMPILER_APPICON_NAME = AppIcon;
				INFOPLIST_FILE = WeChat/Info.plist;
				LD_RUNPATH_SEARCH_PATHS = "$(inherited) @executable_path/Frameworks";
				PRODUCT_NAME = "$(TARGET_NAME)";
			};
			name = Release;
		};
		333429711B2FFE440006D91B /* Debug */ = {
			isa = XCBuildConfiguration;
			buildSettings = {
				BUNDLE_LOADER = "$(TEST_HOST)";
				FRAMEWORK_SEARCH_PATHS = (
					"$(SDKROOT)/Developer/Library/Frameworks",
					"$(inherited)",
				);
				GCC_PREPROCESSOR_DEFINITIONS = (
					"DEBUG=1",
					"$(inherited)",
				);
				INFOPLIST_FILE = WeChatTests/Info.plist;
				LD_RUNPATH_SEARCH_PATHS = "$(inherited) @executable_path/Frameworks @loader_path/Frameworks";
				PRODUCT_NAME = "$(TARGET_NAME)";
				TEST_HOST = "$(BUILT_PRODUCTS_DIR)/WeChat.app/WeChat";
			};
			name = Debug;
		};
		333429721B2FFE440006D91B /* Release */ = {
			isa = XCBuildConfiguration;
			buildSettings = {
				BUNDLE_LOADER = "$(TEST_HOST)";
				FRAMEWORK_SEARCH_PATHS = (
					"$(SDKROOT)/Developer/Library/Frameworks",
					"$(inherited)",
				);
				INFOPLIST_FILE = WeChatTests/Info.plist;
				LD_RUNPATH_SEARCH_PATHS = "$(inherited) @executable_path/Frameworks @loader_path/Frameworks";
				PRODUCT_NAME = "$(TARGET_NAME)";
				TEST_HOST = "$(BUILT_PRODUCTS_DIR)/WeChat.app/WeChat";
			};
			name = Release;
		};
/* End XCBuildConfiguration section */

/* Begin XCConfigurationList section */
		333429451B2FFE440006D91B /* Build configuration list for PBXProject "WeChat" */ = {
			isa = XCConfigurationList;
			buildConfigurations = (
				3334296B1B2FFE440006D91B /* Debug */,
				3334296C1B2FFE440006D91B /* Release */,
			);
			defaultConfigurationIsVisible = 0;
			defaultConfigurationName = Release;
		};
		3334296D1B2FFE440006D91B /* Build configuration list for PBXNativeTarget "WeChat" */ = {
			isa = XCConfigurationList;
			buildConfigurations = (
				3334296E1B2FFE440006D91B /* Debug */,
				3334296F1B2FFE440006D91B /* Release */,
			);
			defaultConfigurationIsVisible = 0;
		};
		333429701B2FFE440006D91B /* Build configuration list for PBXNativeTarget "WeChatTests" */ = {
			isa = XCConfigurationList;
			buildConfigurations = (
				333429711B2FFE440006D91B /* Debug */,
				333429721B2FFE440006D91B /* Release */,
			);
			defaultConfigurationIsVisible = 0;
		};
/* End XCConfigurationList section */
	};
	rootObject = 333429421B2FFE440006D91B /* Project object */;
}
